
Microsoft Visual Studio Solution File, Format Version 12.00
# Visual Studio 15
VisualStudioVersion = 15.0.25928.0
MinimumVisualStudioVersion = 10.0.40219.1
Project("{F184B08F-C81C-45F6-A57F-5ABD9991F28F}") = "tb MainImage", "tb MainImage\tb MainImage.vbproj", "{28C3768F-6979-483C-A6DB-FC9E6934A89B}"
EndProject
Global
	GlobalSection(SolutionConfigurationPlatforms) = preSolution
		Debug|Any CPU = Debug|Any CPU
		Release|Any CPU = Release|Any CPU
	EndGlobalSection
	GlobalSection(ProjectConfigurationPlatforms) = postSolution
		{28C3768F-6979-483C-A6DB-FC9E6934A89B}.Debug|Any CPU.ActiveCfg = Debug|Any CPU
		{28C3768F-6979-483C-A6DB-FC9E6934A89B}.Debug|Any CPU.Build.0 = Debug|Any CPU
		{28C3768F-6979-483C-A6DB-FC9E6934A89B}.Release|Any CPU.ActiveCfg = Release|Any CPU
		{28C3768F-6979-483C-A6DB-FC9E6934A89B}.Release|Any CPU.Build.0 = Release|Any CPU
	EndGlobalSection
	GlobalSection(SolutionProperties) = preSolution
		HideSolutionNode = FALSE
	EndGlobalSection
EndGlobal
